
Microsoft Visual Studio Solution File, Format Version 12.00
Project("{FAE04EC0-301F-11D3-BF4B-00C04F79EFBC}") = "MazeKata", "MazeKata\MazeKata.csproj", "{A5F0158F-29A0-41E0-9033-267A1BE388AB}"
EndProject
Project("{FAE04EC0-301F-11D3-BF4B-00C04F79EFBC}") = "TestProject2", "TestProject2\TestProject2.csproj", "{A2EBC7D7-B759-4731-8CCE-2682B7A5396B}"
EndProject
Global
	GlobalSection(SolutionConfigurationPlatforms) = preSolution
		Debug|Any CPU = Debug|Any CPU
		Release|Any CPU = Release|Any CPU
	EndGlobalSection
	GlobalSection(ProjectConfigurationPlatforms) = postSolution
		{A5F0158F-29A0-41E0-9033-267A1BE388AB}.Debug|Any CPU.ActiveCfg = Debug|Any CPU
		{A5F0158F-29A0-41E0-9033-267A1BE388AB}.Debug|Any CPU.Build.0 = Debug|Any CPU
		{A5F0158F-29A0-41E0-9033-267A1BE388AB}.Release|Any CPU.ActiveCfg = Release|Any CPU
		{A5F0158F-29A0-41E0-9033-267A1BE388AB}.Release|Any CPU.Build.0 = Release|Any CPU
		{A2EBC7D7-B759-4731-8CCE-2682B7A5396B}.Debug|Any CPU.ActiveCfg = Debug|Any CPU
		{A2EBC7D7-B759-4731-8CCE-2682B7A5396B}.Debug|Any CPU.Build.0 = Debug|Any CPU
		{A2EBC7D7-B759-4731-8CCE-2682B7A5396B}.Release|Any CPU.ActiveCfg = Release|Any CPU
		{A2EBC7D7-B759-4731-8CCE-2682B7A5396B}.Release|Any CPU.Build.0 = Release|Any CPU
	EndGlobalSection
EndGlobal
